# This file is automatically @generated by Cargo.
# It is not intended for manual editing.
version = 4

[[package]]
name = "figstash-cli"
version = "0.1.0"
dependencies = [
 "figstash-core",
 "figstash-figma",
 "figstash-query",
 "figstash-store",
]

[[package]]
name = "figstash-core"
version = "0.1.0"

[[package]]
name = "figstash-figma"
version = "0.1.0"
dependencies = [
 "figstash-core",
]

[[package]]
name = "figstash-query"
version = "0.1.0"
dependencies = [
 "figstash-core",
]

[[package]]
name = "figstash-store"
version = "0.1.0"
dependencies = [
 "figstash-core",
]
